
Microsoft Visual Studio Solution File, Format Version 12.00
# Visual Studio Version 16
VisualStudioVersion = 16.0.30503.244
MinimumVisualStudioVersion = 10.0.40219.1
Project("{9A19103F-16F7-4668-BE54-9A1E7A4F7556}") = "BlazorWA.Server", "BlazorWA\Server\BlazorWA.Server.csproj", "{C2C99ED5-E236-43CC-88CC-C197FDB9C940}"
EndProject
Project("{9A19103F-16F7-4668-BE54-9A1E7A4F7556}") = "BlazorWA.Client", "BlazorWA\Client\BlazorWA.Client.csproj", "{2C6EC1FA-CE27-4DE3-B721-09D8C19C7652}"
EndProject
Project("{9A19103F-16F7-4668-BE54-9A1E7A4F7556}") = "BlazorWA.Shared", "BlazorWA\Shared\BlazorWA.Shared.csproj", "{25B82C5B-FC83-48FD-9F83-1A83D3C07BF3}"
EndProject
Global
	GlobalSection(SolutionConfigurationPlatforms) = preSolution
		Debug|Any CPU = Debug|Any CPU
		Release|Any CPU = Release|Any CPU
	EndGlobalSection
	GlobalSection(ProjectConfigurationPlatforms) = postSolution
		{C2C99ED5-E236-43CC-88CC-C197FDB9C940}.Debug|Any CPU.ActiveCfg = Debug|Any CPU
		{C2C99ED5-E236-43CC-88CC-C197FDB9C940}.Debug|Any CPU.Build.0 = Debug|Any CPU
		{C2C99ED5-E236-43CC-88CC-C197FDB9C940}.Release|Any CPU.ActiveCfg = Release|Any CPU
		{C2C99ED5-E236-43CC-88CC-C197FDB9C940}.Release|Any CPU.Build.0 = Release|Any CPU
		{2C6EC1FA-CE27-4DE3-B721-09D8C19C7652}.Debug|Any CPU.ActiveCfg = Debug|Any CPU
		{2C6EC1FA-CE27-4DE3-B721-09D8C19C7652}.Debug|Any CPU.Build.0 = Debug|Any CPU
		{2C6EC1FA-CE27-4DE3-B721-09D8C19C7652}.Release|Any CPU.ActiveCfg = Release|Any CPU
		{2C6EC1FA-CE27-4DE3-B721-09D8C19C7652}.Release|Any CPU.Build.0 = Release|Any CPU
		{25B82C5B-FC83-48FD-9F83-1A83D3C07BF3}.Debug|Any CPU.ActiveCfg = Debug|Any CPU
		{25B82C5B-FC83-48FD-9F83-1A83D3C07BF3}.Debug|Any CPU.Build.0 = Debug|Any CPU
		{25B82C5B-FC83-48FD-9F83-1A83D3C07BF3}.Release|Any CPU.ActiveCfg = Release|Any CPU
		{25B82C5B-FC83-48FD-9F83-1A83D3C07BF3}.Release|Any CPU.Build.0 = Release|Any CPU
	EndGlobalSection
	GlobalSection(SolutionProperties) = preSolution
		HideSolutionNode = FALSE
	EndGlobalSection
	GlobalSection(ExtensibilityGlobals) = postSolution
		SolutionGuid = {B8D23C37-0AAE-4AD0-BEEA-18B8239B0BD4}
	EndGlobalSection
EndGlobal
